
Microsoft Visual Studio Solution File, Format Version 12.00
# Visual Studio Version 17
VisualStudioVersion = 17.11.35219.272
MinimumVisualStudioVersion = 10.0.40219.1
Project("{FAE04EC0-301F-11D3-BF4B-00C04F79EFBC}") = "Common", "Common\Common.csproj", "{AFD0625B-B10D-4BF2-8D08-4C98F6598A6C}"
EndProject
Project("{FAE04EC0-301F-11D3-BF4B-00C04F79EFBC}") = "DataAccess", "DataAccess\DataAccess.csproj", "{872DFDB6-E4CA-47CF-A4B4-45AFEA8E703D}"
EndProject
Project("{FAE04EC0-301F-11D3-BF4B-00C04F79EFBC}") = "BaiTap", "BaiTap\BaiTap.csproj", "{8BB7ADB4-0A88-4956-B903-4B36BFFCBF71}"
EndProject
Project("{9A19103F-16F7-4668-BE54-9A1E7A4F7556}") = "WebAppMVC", "WebAppMVC\WebAppMVC.csproj", "{81E8A1EA-B8BF-44C0-B4F2-550CB7C72DCC}"
EndProject
Project("{FAE04EC0-301F-11D3-BF4B-00C04F79EFBC}") = "RequestReceiveWeb.Server", "RequestReceiveWeb\RequestReceiveWeb.Server\RequestReceiveWeb.Server.csproj", "{F3E32BCA-7078-4696-A62A-1C462CD95E43}"
EndProject
Project("{54A90642-561A-4BB1-A94E-469ADEE60C69}") = "requestreceiveweb.client", "RequestReceiveWeb\requestreceiveweb.client\requestreceiveweb.client.esproj", "{81E39FA8-3480-42C5-84F4-4CC2BDC8922A}"
EndProject
Global
	GlobalSection(SolutionConfigurationPlatforms) = preSolution
		Debug|Any CPU = Debug|Any CPU
		Release|Any CPU = Release|Any CPU
	EndGlobalSection
	GlobalSection(ProjectConfigurationPlatforms) = postSolution
		{AFD0625B-B10D-4BF2-8D08-4C98F6598A6C}.Debug|Any CPU.ActiveCfg = Debug|Any CPU
		{AFD0625B-B10D-4BF2-8D08-4C98F6598A6C}.Debug|Any CPU.Build.0 = Debug|Any CPU
		{AFD0625B-B10D-4BF2-8D08-4C98F6598A6C}.Release|Any CPU.ActiveCfg = Release|Any CPU
		{AFD0625B-B10D-4BF2-8D08-4C98F6598A6C}.Release|Any CPU.Build.0 = Release|Any CPU
		{872DFDB6-E4CA-47CF-A4B4-45AFEA8E703D}.Debug|Any CPU.ActiveCfg = Debug|Any CPU
		{872DFDB6-E4CA-47CF-A4B4-45AFEA8E703D}.Debug|Any CPU.Build.0 = Debug|Any CPU
		{872DFDB6-E4CA-47CF-A4B4-45AFEA8E703D}.Release|Any CPU.ActiveCfg = Release|Any CPU
		{872DFDB6-E4CA-47CF-A4B4-45AFEA8E703D}.Release|Any CPU.Build.0 = Release|Any CPU
		{8BB7ADB4-0A88-4956-B903-4B36BFFCBF71}.Debug|Any CPU.ActiveCfg = Debug|Any CPU
		{8BB7ADB4-0A88-4956-B903-4B36BFFCBF71}.Debug|Any CPU.Build.0 = Debug|Any CPU
		{8BB7ADB4-0A88-4956-B903-4B36BFFCBF71}.Release|Any CPU.ActiveCfg = Release|Any CPU
		{8BB7ADB4-0A88-4956-B903-4B36BFFCBF71}.Release|Any CPU.Build.0 = Release|Any CPU
		{81E8A1EA-B8BF-44C0-B4F2-550CB7C72DCC}.Debug|Any CPU.ActiveCfg = Debug|Any CPU
		{81E8A1EA-B8BF-44C0-B4F2-550CB7C72DCC}.Debug|Any CPU.Build.0 = Debug|Any CPU
		{81E8A1EA-B8BF-44C0-B4F2-550CB7C72DCC}.Release|Any CPU.ActiveCfg = Release|Any CPU
		{81E8A1EA-B8BF-44C0-B4F2-550CB7C72DCC}.Release|Any CPU.Build.0 = Release|Any CPU
		{F3E32BCA-7078-4696-A62A-1C462CD95E43}.Debug|Any CPU.ActiveCfg = Debug|Any CPU
		{F3E32BCA-7078-4696-A62A-1C462CD95E43}.Debug|Any CPU.Build.0 = Debug|Any CPU
		{F3E32BCA-7078-4696-A62A-1C462CD95E43}.Release|Any CPU.ActiveCfg = Release|Any CPU
		{F3E32BCA-7078-4696-A62A-1C462CD95E43}.Release|Any CPU.Build.0 = Release|Any CPU
		{81E39FA8-3480-42C5-84F4-4CC2BDC8922A}.Debug|Any CPU.ActiveCfg = Debug|Any CPU
		{81E39FA8-3480-42C5-84F4-4CC2BDC8922A}.Debug|Any CPU.Build.0 = Debug|Any CPU
		{81E39FA8-3480-42C5-84F4-4CC2BDC8922A}.Debug|Any CPU.Deploy.0 = Debug|Any CPU
		{81E39FA8-3480-42C5-84F4-4CC2BDC8922A}.Release|Any CPU.ActiveCfg = Release|Any CPU
		{81E39FA8-3480-42C5-84F4-4CC2BDC8922A}.Release|Any CPU.Build.0 = Release|Any CPU
		{81E39FA8-3480-42C5-84F4-4CC2BDC8922A}.Release|Any CPU.Deploy.0 = Release|Any CPU
	EndGlobalSection
	GlobalSection(SolutionProperties) = preSolution
		HideSolutionNode = FALSE
	EndGlobalSection
	GlobalSection(ExtensibilityGlobals) = postSolution
		SolutionGuid = {43FC0CD9-B2AA-4D99-B053-8C0D16F2133C}
	EndGlobalSection
EndGlobal
